
Microsoft Visual Studio Solution File, Format Version 12.00
# Visual Studio 2013
Project("{FAE04EC0-301F-11D3-BF4B-00C04F79EFBC}") = "UnityVS.BeanSprout.CSharp", "UnityVS.BeanSprout.CSharp.csproj", "{BD5D67DD-012D-5F11-06E3-C7D6E7A5E7F3}"
EndProject
Project("{FAE04EC0-301F-11D3-BF4B-00C04F79EFBC}") = "UnityVS.BeanSprout.CSharp.Editor", "UnityVS.BeanSprout.CSharp.Editor.csproj", "{0D8E79D9-66AF-884E-B596-70DD4D6CE1C9}"
EndProject
Project("{FAE04EC0-301F-11D3-BF4B-00C04F79EFBC}") = "UnityVS.BeanSprout.CSharp.Plugins", "UnityVS.BeanSprout.CSharp.Plugins.csproj", "{02C30552-4610-60BF-475C-1C5DB3479D14}"
EndProject
Global
	GlobalSection(SolutionConfigurationPlatforms) = preSolution
		Debug|Any CPU = Debug|Any CPU
		Release|Any CPU = Release|Any CPU
	EndGlobalSection
	GlobalSection(ProjectConfigurationPlatforms) = postSolution
		{BD5D67DD-012D-5F11-06E3-C7D6E7A5E7F3}.Debug|Any CPU.ActiveCfg = Debug|Any CPU
		{BD5D67DD-012D-5F11-06E3-C7D6E7A5E7F3}.Debug|Any CPU.Build.0 = Debug|Any CPU
		{BD5D67DD-012D-5F11-06E3-C7D6E7A5E7F3}.Release|Any CPU.ActiveCfg = Release|Any CPU
		{BD5D67DD-012D-5F11-06E3-C7D6E7A5E7F3}.Release|Any CPU.Build.0 = Release|Any CPU
		{0D8E79D9-66AF-884E-B596-70DD4D6CE1C9}.Debug|Any CPU.ActiveCfg = Debug|Any CPU
		{0D8E79D9-66AF-884E-B596-70DD4D6CE1C9}.Debug|Any CPU.Build.0 = Debug|Any CPU
		{0D8E79D9-66AF-884E-B596-70DD4D6CE1C9}.Release|Any CPU.ActiveCfg = Release|Any CPU
		{0D8E79D9-66AF-884E-B596-70DD4D6CE1C9}.Release|Any CPU.Build.0 = Release|Any CPU
		{02C30552-4610-60BF-475C-1C5DB3479D14}.Debug|Any CPU.ActiveCfg = Debug|Any CPU
		{02C30552-4610-60BF-475C-1C5DB3479D14}.Debug|Any CPU.Build.0 = Debug|Any CPU
		{02C30552-4610-60BF-475C-1C5DB3479D14}.Release|Any CPU.ActiveCfg = Release|Any CPU
		{02C30552-4610-60BF-475C-1C5DB3479D14}.Release|Any CPU.Build.0 = Release|Any CPU
	EndGlobalSection
	GlobalSection(SolutionProperties) = preSolution
		HideSolutionNode = FALSE
	EndGlobalSection
EndGlobal
